
Microsoft Visual Studio Solution File, Format Version 12.00
# Visual Studio Version 17
VisualStudioVersion = 17.3.32825.248
MinimumVisualStudioVersion = 10.0.40219.1
Project("{FAE04EC0-301F-11D3-BF4B-00C04F79EFBC}") = "NetDriveManage", "NetDriveManage.csproj", "{BA15D661-A3E8-4D39-8D37-164FB09A37AB}"
EndProject
Global
	GlobalSection(SolutionConfigurationPlatforms) = preSolution
		Debug|Any CPU = Debug|Any CPU
		Release|Any CPU = Release|Any CPU
	EndGlobalSection
	GlobalSection(ProjectConfigurationPlatforms) = postSolution
		{BA15D661-A3E8-4D39-8D37-164FB09A37AB}.Debug|Any CPU.ActiveCfg = Debug|Any CPU
		{BA15D661-A3E8-4D39-8D37-164FB09A37AB}.Debug|Any CPU.Build.0 = Debug|Any CPU
		{BA15D661-A3E8-4D39-8D37-164FB09A37AB}.Release|Any CPU.ActiveCfg = Release|Any CPU
		{BA15D661-A3E8-4D39-8D37-164FB09A37AB}.Release|Any CPU.Build.0 = Release|Any CPU
	EndGlobalSection
	GlobalSection(SolutionProperties) = preSolution
		HideSolutionNode = FALSE
	EndGlobalSection
	GlobalSection(ExtensibilityGlobals) = postSolution
		SolutionGuid = {12404E17-681E-4BE7-B02E-641DB710D54A}
	EndGlobalSection
EndGlobal
